
Microsoft Visual Studio Solution File, Format Version 12.00
# Visual Studio Version 16
VisualStudioVersion = 16.0.30320.27
MinimumVisualStudioVersion = 10.0.40219.1
Project("{2150E333-8FDC-42A3-9474-1A3956D46DE8}") = "build", "build", "{23CB7C13-F57D-4E5D-9124-A7AFE0D67006}"
	ProjectSection(SolutionItems) = preProject
		build\build.yml = build\build.yml
		build\CommandLineTools.ruleset = build\CommandLineTools.ruleset
	EndProjectSection
EndProject
Project("{9A19103F-16F7-4668-BE54-9A1E7A4F7556}") = "CommandLineTools", "src\CommandLineTools\CommandLineTools.csproj", "{175BA260-CBF2-4C89-A296-3FE3136B94D0}"
EndProject
Global
	GlobalSection(SolutionConfigurationPlatforms) = preSolution
		Debug|Any CPU = Debug|Any CPU
		Release|Any CPU = Release|Any CPU
	EndGlobalSection
	GlobalSection(ProjectConfigurationPlatforms) = postSolution
		{175BA260-CBF2-4C89-A296-3FE3136B94D0}.Debug|Any CPU.ActiveCfg = Debug|Any CPU
		{175BA260-CBF2-4C89-A296-3FE3136B94D0}.Debug|Any CPU.Build.0 = Debug|Any CPU
		{175BA260-CBF2-4C89-A296-3FE3136B94D0}.Release|Any CPU.ActiveCfg = Release|Any CPU
		{175BA260-CBF2-4C89-A296-3FE3136B94D0}.Release|Any CPU.Build.0 = Release|Any CPU
	EndGlobalSection
	GlobalSection(SolutionProperties) = preSolution
		HideSolutionNode = FALSE
	EndGlobalSection
	GlobalSection(ExtensibilityGlobals) = postSolution
		SolutionGuid = {458ADAC1-86BF-4BBF-98E5-BA32F21EF680}
	EndGlobalSection
EndGlobal
